// !$*UTF8*$!
{
	archiveVersion = 1;
	classes = {
	};
	objectVersion = 45;
	objects = {

/* Begin PBXAggregateTarget section */
		7A1FF6D00E070A17000132EF /* build_all */ = {
			isa = PBXAggregateTarget;
			buildConfigurationList = 7A1FF6EC0E070A4D000132EF /* Build configuration list for PBXAggregateTarget "build_all" */;
			buildPhases = (
			);
			dependencies = (
				7A1FF6E20E070A1E000132EF /* PBXTargetDependency */,
				7A1FF6E00E070A1E000132EF /* PBXTargetDependency */,
				7A1FF6DE0E070A1E000132EF /* PBXTargetDependency */,
				7A1FF6DC0E070A1E000132EF /* PBXTargetDependency */,
				7A1FF6DA0E070A1E000132EF /* PBXTargetDependency */,
				7A1FF6D80E070A1E000132EF /* PBXTargetDependency */,
				7A1FF6D60E070A1E000132EF /* PBXTargetDependency */,
				7A1FF6D40E070A1E000132EF /* PBXTargetDependency */,
			);
			name = build_all;
			productName = build_all;
		};
/* End PBXAggregateTarget section */

/* Begin PBXBuildFile section */
		D24592340E030EC2001AAB67 /* dmzArchiveModule.h in Headers */ = {isa = PBXBuildFile; fileRef = D24592120E030EA4001AAB67 /* dmzArchiveModule.h */; settings = {ATTRIBUTES = (Public, ); }; };
		D24592350E030EC2001AAB67 /* dmzArchiveObserver.h in Headers */ = {isa = PBXBuildFile; fileRef = D24592140E030EA4001AAB67 /* dmzArchiveObserver.h */; settings = {ATTRIBUTES = (Public, ); }; };
		D24592490E030F23001AAB67 /* dmzArchiveObserverUtil.h in Headers */ = {isa = PBXBuildFile; fileRef = D24592180E030EA4001AAB67 /* dmzArchiveObserverUtil.h */; settings = {ATTRIBUTES = (Public, ); }; };
		D245924A0E030F23001AAB67 /* dmzArchiveUtilExport.h in Headers */ = {isa = PBXBuildFile; fileRef = D245921A0E030EA4001AAB67 /* dmzArchiveUtilExport.h */; settings = {ATTRIBUTES = (Public, ); }; };
		D245924B0E030F30001AAB67 /* dmzArchiveObserverUtil.cpp in Sources */ = {isa = PBXBuildFile; fileRef = D24592170E030EA4001AAB67 /* dmzArchiveObserverUtil.cpp */; };
		D245927A0E030FAA001AAB67 /* dmzArchiveModuleBasic.cpp in Sources */ = {isa = PBXBuildFile; fileRef = D245921D0E030EA4001AAB67 /* dmzArchiveModuleBasic.cpp */; };
		D24592BC0E031CA4001AAB67 /* dmzArchivePluginAutoLoad.cpp in Sources */ = {isa = PBXBuildFile; fileRef = D24592260E030EA4001AAB67 /* dmzArchivePluginAutoLoad.cpp */; };
		D24592D20E031CE9001AAB67 /* dmzArchivePluginAutoSave.cpp in Sources */ = {isa = PBXBuildFile; fileRef = D245922A0E030EA4001AAB67 /* dmzArchivePluginAutoSave.cpp */; };
		D24592F70E031FF4001AAB67 /* dmzArchivePluginUndo.cpp in Sources */ = {isa = PBXBuildFile; fileRef = D24592310E030EA4001AAB67 /* dmzArchivePluginUndo.cpp */; };
		D24593C10E0322F4001AAB67 /* dmzArchivePluginQuickSave.cpp in Sources */ = {isa = PBXBuildFile; fileRef = D245922D0E030EA4001AAB67 /* dmzArchivePluginQuickSave.cpp */; };
		D24593D60E03235A001AAB67 /* dmzArchivePluginInput.cpp in Sources */ = {isa = PBXBuildFile; fileRef = D24592220E030EA4001AAB67 /* dmzArchivePluginInput.cpp */; };
/* End PBXBuildFile section */

/* Begin PBXContainerItemProxy section */
		7A1FF6C40E070A09000132EF /* PBXContainerItemProxy */ = {
			isa = PBXContainerItemProxy;
			containerPortal = D24593A60E0322BF001AAB67 /* dmzInputFramework.xcodeproj */;
			proxyType = 2;
			remoteGlobalIDString = D23BC0400E06E4C3008937FB /* libbuild_all.a */;
			remoteInfo = build_all;
		};
		7A1FF6D30E070A1E000132EF /* PBXContainerItemProxy */ = {
			isa = PBXContainerItemProxy;
			containerPortal = 08FB7793FE84155DC02AAC07 /* Project object */;
			proxyType = 1;
			remoteGlobalIDString = D24593CA0E03233A001AAB67 /* dmzArchivePluginInput */;
			remoteInfo = dmzArchivePluginInput;
		};
		7A1FF6D50E070A1E000132EF /* PBXContainerItemProxy */ = {
			isa = PBXContainerItemProxy;
			containerPortal = 08FB7793FE84155DC02AAC07 /* Project object */;
			proxyType = 1;
			remoteGlobalIDString = D24592ED0E031FD5001AAB67 /* dmzArchivePluginUndo */;
			remoteInfo = dmzArchivePluginUndo;
		};
		7A1FF6D70E070A1E000132EF /* PBXContainerItemProxy */ = {
			isa = PBXContainerItemProxy;
			containerPortal = 08FB7793FE84155DC02AAC07 /* Project object */;
			proxyType = 1;
			remoteGlobalIDString = D24592E30E031F1A001AAB67 /* dmzArchivePluginQuickSave */;
			remoteInfo = dmzArchivePluginQuickSave;
		};
		7A1FF6D90E070A1E000132EF /* PBXContainerItemProxy */ = {
			isa = PBXContainerItemProxy;
			containerPortal = 08FB7793FE84155DC02AAC07 /* Project object */;
			proxyType = 1;
			remoteGlobalIDString = D24592C60E031CC0001AAB67 /* dmzArchivePluginAutoSave */;
			remoteInfo = dmzArchivePluginAutoSave;
		};
		7A1FF6DB0E070A1E000132EF /* PBXContainerItemProxy */ = {
			isa = PBXContainerItemProxy;
			containerPortal = 08FB7793FE84155DC02AAC07 /* Project object */;
			proxyType = 1;
			remoteGlobalIDString = D24592B60E031C81001AAB67 /* dmzArchivePluginAutoLoad */;
			remoteInfo = dmzArchivePluginAutoLoad;
		};
		7A1FF6DD0E070A1E000132EF /* PBXContainerItemProxy */ = {
			isa = PBXContainerItemProxy;
			containerPortal = 08FB7793FE84155DC02AAC07 /* Project object */;
			proxyType = 1;
			remoteGlobalIDString = D24592580E030F6A001AAB67 /* dmzArchiveModuleBasic */;
			remoteInfo = dmzArchiveModuleBasic;
		};
		7A1FF6DF0E070A1E000132EF /* PBXContainerItemProxy */ = {
			isa = PBXContainerItemProxy;
			containerPortal = 08FB7793FE84155DC02AAC07 /* Project object */;
			proxyType = 1;
			remoteGlobalIDString = D245923A0E030EE3001AAB67 /* dmzArchiveUtil */;
			remoteInfo = dmzArchiveUtil;
		};
		7A1FF6E10E070A1E000132EF /* PBXContainerItemProxy */ = {
			isa = PBXContainerItemProxy;
			containerPortal = 08FB7793FE84155DC02AAC07 /* Project object */;
			proxyType = 1;
			remoteGlobalIDString = D2AAC045055464E500DB518D /* dmzArchiveFramework */;
			remoteInfo = dmzArchiveFramework;
		};
		D24592420E030EFE001AAB67 /* PBXContainerItemProxy */ = {
			isa = PBXContainerItemProxy;
			containerPortal = D245923E0E030EFE001AAB67 /* dmzKernel.xcodeproj */;
			proxyType = 2;
			remoteGlobalIDString = D2AAC046055464E500DB518D;
			remoteInfo = dmzKernel;
		};
		D24592450E030F05001AAB67 /* PBXContainerItemProxy */ = {
			isa = PBXContainerItemProxy;
			containerPortal = D245923E0E030EFE001AAB67 /* dmzKernel.xcodeproj */;
			proxyType = 1;
			remoteGlobalIDString = D2AAC045055464E500DB518D;
			remoteInfo = dmzKernel;
		};
		D24592470E030F09001AAB67 /* PBXContainerItemProxy */ = {
			isa = PBXContainerItemProxy;
			containerPortal = 08FB7793FE84155DC02AAC07 /* Project object */;
			proxyType = 1;
			remoteGlobalIDString = D2AAC045055464E500DB518D;
			remoteInfo = dmzArchiveFramework;
		};
		D24592690E030F7D001AAB67 /* PBXContainerItemProxy */ = {
			isa = PBXContainerItemProxy;
			containerPortal = D245925C0E030F7D001AAB67 /* dmzFoundation.xcodeproj */;
			proxyType = 2;
			remoteGlobalIDString = D2AAC046055464E500DB518D;
			remoteInfo = dmzXML;
		};
		D245926B0E030F7D001AAB67 /* PBXContainerItemProxy */ = {
			isa = PBXContainerItemProxy;
			containerPortal = D245925C0E030F7D001AAB67 /* dmzFoundation.xcodeproj */;
			proxyType = 2;
			remoteGlobalIDString = 7A4935040E01E8F5009C7A49;
			remoteInfo = dmzFileCacheLocal;
		};
		D245926D0E030F7D001AAB67 /* PBXContainerItemProxy */ = {
			isa = PBXContainerItemProxy;
			containerPortal = D245925C0E030F7D001AAB67 /* dmzFoundation.xcodeproj */;
			proxyType = 2;
			remoteGlobalIDString = 7A4935240E01E91D009C7A49;
			remoteInfo = expat;
		};
		D245926F0E030F7D001AAB67 /* PBXContainerItemProxy */ = {
			isa = PBXContainerItemProxy;
			containerPortal = D245925C0E030F7D001AAB67 /* dmzFoundation.xcodeproj */;
			proxyType = 2;
			remoteGlobalIDString = D20485F60E02FE5D00F6444C;
			remoteInfo = dmzPluginMsgDump;
		};
		D24592710E030F7D001AAB67 /* PBXContainerItemProxy */ = {
			isa = PBXContainerItemProxy;
			containerPortal = D245925C0E030F7D001AAB67 /* dmzFoundation.xcodeproj */;
			proxyType = 2;
			remoteGlobalIDString = D204860C0E02FFBC00F6444C;
			remoteInfo = dmzPluginUndoDump;
		};
		D24592730E030F7D001AAB67 /* PBXContainerItemProxy */ = {
			isa = PBXContainerItemProxy;
			containerPortal = D245925C0E030F7D001AAB67 /* dmzFoundation.xcodeproj */;
			proxyType = 2;
			remoteGlobalIDString = D20486170E02FFD000F6444C;
			remoteInfo = dmzPluginUndo;
		};
		D24592760E030F8F001AAB67 /* PBXContainerItemProxy */ = {
			isa = PBXContainerItemProxy;
			containerPortal = D245923E0E030EFE001AAB67 /* dmzKernel.xcodeproj */;
			proxyType = 1;
			remoteGlobalIDString = D2AAC045055464E500DB518D;
			remoteInfo = dmzKernel;
		};
		D24592780E030F9C001AAB67 /* PBXContainerItemProxy */ = {
			isa = PBXContainerItemProxy;
			containerPortal = 08FB7793FE84155DC02AAC07 /* Project object */;
			proxyType = 1;
			remoteGlobalIDString = D2AAC045055464E500DB518D;
			remoteInfo = dmzArchiveFramework;
		};
		D245928C0E0310E3001AAB67 /* PBXContainerItemProxy */ = {
			isa = PBXContainerItemProxy;
			containerPortal = D245925C0E030F7D001AAB67 /* dmzFoundation.xcodeproj */;
			proxyType = 2;
			remoteGlobalIDString = D24592820E0310D3001AAB67;
			remoteInfo = dmzFoundation;
		};
		D24592AE0E031B5E001AAB67 /* PBXContainerItemProxy */ = {
			isa = PBXContainerItemProxy;
			containerPortal = D245925C0E030F7D001AAB67 /* dmzFoundation.xcodeproj */;
			proxyType = 1;
			remoteGlobalIDString = D24592810E0310D3001AAB67;
			remoteInfo = dmzFoundation;
		};
		D24592BA0E031C8B001AAB67 /* PBXContainerItemProxy */ = {
			isa = PBXContainerItemProxy;
			containerPortal = D245923E0E030EFE001AAB67 /* dmzKernel.xcodeproj */;
			proxyType = 1;
			remoteGlobalIDString = D2AAC045055464E500DB518D;
			remoteInfo = dmzKernel;
		};
		D24592CA0E031CC6001AAB67 /* PBXContainerItemProxy */ = {
			isa = PBXContainerItemProxy;
			containerPortal = D245923E0E030EFE001AAB67 /* dmzKernel.xcodeproj */;
			proxyType = 1;
			remoteGlobalIDString = D2AAC045055464E500DB518D;
			remoteInfo = dmzKernel;
		};
		D24592CC0E031CCA001AAB67 /* PBXContainerItemProxy */ = {
			isa = PBXContainerItemProxy;
			containerPortal = D245925C0E030F7D001AAB67 /* dmzFoundation.xcodeproj */;
			proxyType = 1;
			remoteGlobalIDString = D2AAC045055464E500DB518D;
			remoteInfo = dmzXML;
		};
		D24592CE0E031CD2001AAB67 /* PBXContainerItemProxy */ = {
			isa = PBXContainerItemProxy;
			containerPortal = D245925C0E030F7D001AAB67 /* dmzFoundation.xcodeproj */;
			proxyType = 1;
			remoteGlobalIDString = D24592810E0310D3001AAB67;
			remoteInfo = dmzFoundation;
		};
		D24592D00E031CD8001AAB67 /* PBXContainerItemProxy */ = {
			isa = PBXContainerItemProxy;
			containerPortal = 08FB7793FE84155DC02AAC07 /* Project object */;
			proxyType = 1;
			remoteGlobalIDString = D2AAC045055464E500DB518D;
			remoteInfo = dmzArchiveFramework;
		};
		D24592F10E031FDA001AAB67 /* PBXContainerItemProxy */ = {
			isa = PBXContainerItemProxy;
			containerPortal = D245923E0E030EFE001AAB67 /* dmzKernel.xcodeproj */;
			proxyType = 1;
			remoteGlobalIDString = D2AAC045055464E500DB518D;
			remoteInfo = dmzKernel;
		};
		D24592F30E031FE2001AAB67 /* PBXContainerItemProxy */ = {
			isa = PBXContainerItemProxy;
			containerPortal = 08FB7793FE84155DC02AAC07 /* Project object */;
			proxyType = 1;
			remoteGlobalIDString = D245923A0E030EE3001AAB67;
			remoteInfo = dmzArchiveUtil;
		};
		D24592F50E031FE6001AAB67 /* PBXContainerItemProxy */ = {
			isa = PBXContainerItemProxy;
			containerPortal = 08FB7793FE84155DC02AAC07 /* Project object */;
			proxyType = 1;
			remoteGlobalIDString = D2AAC045055464E500DB518D;
			remoteInfo = dmzArchiveFramework;
		};
		D24593AD0E0322BF001AAB67 /* PBXContainerItemProxy */ = {
			isa = PBXContainerItemProxy;
			containerPortal = D24593A60E0322BF001AAB67 /* dmzInputFramework.xcodeproj */;
			proxyType = 2;
			remoteGlobalIDString = D2AAC046055464E500DB518D;
			remoteInfo = dmzInputFramework;
		};
		D24593AF0E0322BF001AAB67 /* PBXContainerItemProxy */ = {
			isa = PBXContainerItemProxy;
			containerPortal = D24593A60E0322BF001AAB67 /* dmzInputFramework.xcodeproj */;
			proxyType = 2;
			remoteGlobalIDString = D24593620E032185001AAB67;
			remoteInfo = dmzInputEvents;
		};
		D24593B10E0322BF001AAB67 /* PBXContainerItemProxy */ = {
			isa = PBXContainerItemProxy;
			containerPortal = D24593A60E0322BF001AAB67 /* dmzInputFramework.xcodeproj */;
			proxyType = 2;
			remoteGlobalIDString = D24593800E032218001AAB67;
			remoteInfo = dmzInputUtil;
		};
		D24593B30E0322BF001AAB67 /* PBXContainerItemProxy */ = {
			isa = PBXContainerItemProxy;
			containerPortal = D24593A60E0322BF001AAB67 /* dmzInputFramework.xcodeproj */;
			proxyType = 2;
			remoteGlobalIDString = D24593960E03225F001AAB67;
			remoteInfo = dmzInputModuleBasic;
		};
		D24593B50E0322D2001AAB67 /* PBXContainerItemProxy */ = {
			isa = PBXContainerItemProxy;
			containerPortal = D245923E0E030EFE001AAB67 /* dmzKernel.xcodeproj */;
			proxyType = 1;
			remoteGlobalIDString = D2AAC045055464E500DB518D;
			remoteInfo = dmzKernel;
		};
		D24593B70E0322D6001AAB67 /* PBXContainerItemProxy */ = {
			isa = PBXContainerItemProxy;
			containerPortal = D245925C0E030F7D001AAB67 /* dmzFoundation.xcodeproj */;
			proxyType = 1;
			remoteGlobalIDString = D2AAC045055464E500DB518D;
			remoteInfo = dmzXML;
		};
		D24593B90E0322DB001AAB67 /* PBXContainerItemProxy */ = {
			isa = PBXContainerItemProxy;
			containerPortal = D24593A60E0322BF001AAB67 /* dmzInputFramework.xcodeproj */;
			proxyType = 1;
			remoteGlobalIDString = D245937F0E032218001AAB67;
			remoteInfo = dmzInputUtil;
		};
		D24593BB0E0322DF001AAB67 /* PBXContainerItemProxy */ = {
			isa = PBXContainerItemProxy;
			containerPortal = D24593A60E0322BF001AAB67 /* dmzInputFramework.xcodeproj */;
			proxyType = 1;
			remoteGlobalIDString = D24593610E032185001AAB67;
			remoteInfo = dmzInputEvents;
		};
		D24593BD0E0322E2001AAB67 /* PBXContainerItemProxy */ = {
			isa = PBXContainerItemProxy;
			containerPortal = D24593A60E0322BF001AAB67 /* dmzInputFramework.xcodeproj */;
			proxyType = 1;
			remoteGlobalIDString = D2AAC045055464E500DB518D;
			remoteInfo = dmzInputFramework;
		};
		D24593BF0E0322EA001AAB67 /* PBXContainerItemProxy */ = {
			isa = PBXContainerItemProxy;
			containerPortal = 08FB7793FE84155DC02AAC07 /* Project object */;
			proxyType = 1;
			remoteGlobalIDString = D2AAC045055464E500DB518D;
			remoteInfo = dmzArchiveFramework;
		};
		D24593CE0E03233F001AAB67 /* PBXContainerItemProxy */ = {
			isa = PBXContainerItemProxy;
			containerPortal = D245923E0E030EFE001AAB67 /* dmzKernel.xcodeproj */;
			proxyType = 1;
			remoteGlobalIDString = D2AAC045055464E500DB518D;
			remoteInfo = dmzKernel;
		};
		D24593D00E032346001AAB67 /* PBXContainerItemProxy */ = {
			isa = PBXContainerItemProxy;
			containerPortal = D24593A60E0322BF001AAB67 /* dmzInputFramework.xcodeproj */;
			proxyType = 1;
			remoteGlobalIDString = D245937F0E032218001AAB67;
			remoteInfo = dmzInputUtil;
		};
		D24593D20E03234B001AAB67 /* PBXContainerItemProxy */ = {
			isa = PBXContainerItemProxy;
			containerPortal = D24593A60E0322BF001AAB67 /* dmzInputFramework.xcodeproj */;
			proxyType = 1;
			remoteGlobalIDString = D24593610E032185001AAB67;
			remoteInfo = dmzInputEvents;
		};
		D24593D40E03234E001AAB67 /* PBXContainerItemProxy */ = {
			isa = PBXContainerItemProxy;
			containerPortal = D24593A60E0322BF001AAB67 /* dmzInputFramework.xcodeproj */;
			proxyType = 1;
			remoteGlobalIDString = D2AAC045055464E500DB518D;
			remoteInfo = dmzInputFramework;
		};
/* End PBXContainerItemProxy section */

/* Begin PBXFileReference section */
		D24592100E030EA4001AAB67 /* dmzArchiveFramework.lmk */ = {isa = PBXFileReference; fileEncoding = 4; lastKnownFileType = text; path = dmzArchiveFramework.lmk; sourceTree = "<group>"; };
		D24592110E030EA4001AAB67 /* dmzArchiveModule.cpp */ = {isa = PBXFileReference; fileEncoding = 4; lastKnownFileType = sourcecode.cpp.cpp; path = dmzArchiveModule.cpp; sourceTree = "<group>"; };
		D24592120E030EA4001AAB67 /* dmzArchiveModule.h */ = {isa = PBXFileReference; fileEncoding = 4; lastKnownFileType = sourcecode.c.h; path = dmzArchiveModule.h; sourceTree = "<group>"; };
		D24592130E030EA4001AAB67 /* dmzArchiveObserver.cpp */ = {isa = PBXFileReference; fileEncoding = 4; lastKnownFileType = sourcecode.cpp.cpp; path = dmzArchiveObserver.cpp; sourceTree = "<group>"; };
		D24592140E030EA4001AAB67 /* dmzArchiveObserver.h */ = {isa = PBXFileReference; fileEncoding = 4; lastKnownFileType = sourcecode.c.h; path = dmzArchiveObserver.h; sourceTree = "<group>"; };
		D24592170E030EA4001AAB67 /* dmzArchiveObserverUtil.cpp */ = {isa = PBXFileReference; fileEncoding = 4; lastKnownFileType = sourcecode.cpp.cpp; path = dmzArchiveObserverUtil.cpp; sourceTree = "<group>"; };
		D24592180E030EA4001AAB67 /* dmzArchiveObserverUtil.h */ = {isa = PBXFileReference; fileEncoding = 4; lastKnownFileType = sourcecode.c.h; path = dmzArchiveObserverUtil.h; sourceTree = "<group>"; };
		D24592190E030EA4001AAB67 /* dmzArchiveUtil.lmk */ = {isa = PBXFileReference; fileEncoding = 4; lastKnownFileType = text; path = dmzArchiveUtil.lmk; sourceTree = "<group>"; };
		D245921A0E030EA4001AAB67 /* dmzArchiveUtilExport.h */ = {isa = PBXFileReference; fileEncoding = 4; lastKnownFileType = sourcecode.c.h; path = dmzArchiveUtilExport.h; sourceTree = "<group>"; };
		D245921D0E030EA4001AAB67 /* dmzArchiveModuleBasic.cpp */ = {isa = PBXFileReference; fileEncoding = 4; lastKnownFileType = sourcecode.cpp.cpp; path = dmzArchiveModuleBasic.cpp; sourceTree = "<group>"; };
		D245921E0E030EA4001AAB67 /* dmzArchiveModuleBasic.h */ = {isa = PBXFileReference; fileEncoding = 4; lastKnownFileType = sourcecode.c.h; path = dmzArchiveModuleBasic.h; sourceTree = "<group>"; };
		D245921F0E030EA4001AAB67 /* dmzArchiveModuleBasic.lmk */ = {isa = PBXFileReference; fileEncoding = 4; lastKnownFileType = text; path = dmzArchiveModuleBasic.lmk; sourceTree = "<group>"; };
		D24592220E030EA4001AAB67 /* dmzArchivePluginInput.cpp */ = {isa = PBXFileReference; fileEncoding = 4; lastKnownFileType = sourcecode.cpp.cpp; path = dmzArchivePluginInput.cpp; sourceTree = "<group>"; };
		D24592230E030EA4001AAB67 /* dmzArchivePluginInput.h */ = {isa = PBXFileReference; fileEncoding = 4; lastKnownFileType = sourcecode.c.h; path = dmzArchivePluginInput.h; sourceTree = "<group>"; };
		D24592240E030EA4001AAB67 /* dmzArchivePluginInput.lmk */ = {isa = PBXFileReference; fileEncoding = 4; lastKnownFileType = text; path = dmzArchivePluginInput.lmk; sourceTree = "<group>"; };
		D24592260E030EA4001AAB67 /* dmzArchivePluginAutoLoad.cpp */ = {isa = PBXFileReference; fileEncoding = 4; lastKnownFileType = sourcecode.cpp.cpp; path = dmzArchivePluginAutoLoad.cpp; sourceTree = "<group>"; };
		D24592270E030EA4001AAB67 /* dmzArchivePluginAutoLoad.h */ = {isa = PBXFileReference; fileEncoding = 4; lastKnownFileType = sourcecode.c.h; path = dmzArchivePluginAutoLoad.h; sourceTree = "<group>"; };
		D24592280E030EA4001AAB67 /* dmzArchivePluginAutoLoad.lmk */ = {isa = PBXFileReference; fileEncoding = 4; lastKnownFileType = text; path = dmzArchivePluginAutoLoad.lmk; sourceTree = "<group>"; };
		D245922A0E030EA4001AAB67 /* dmzArchivePluginAutoSave.cpp */ = {isa = PBXFileReference; fileEncoding = 4; lastKnownFileType = sourcecode.cpp.cpp; path = dmzArchivePluginAutoSave.cpp; sourceTree = "<group>"; };
		D245922B0E030EA4001AAB67 /* dmzArchivePluginAutoSave.h */ = {isa = PBXFileReference; fileEncoding = 4; lastKnownFileType = sourcecode.c.h; path = dmzArchivePluginAutoSave.h; sourceTree = "<group>"; };
		D245922C0E030EA4001AAB67 /* dmzArchivePluginAutoSave.lmk */ = {isa = PBXFileReference; fileEncoding = 4; lastKnownFileType = text; path = dmzArchivePluginAutoSave.lmk; sourceTree = "<group>"; };
		D245922D0E030EA4001AAB67 /* dmzArchivePluginQuickSave.cpp */ = {isa = PBXFileReference; fileEncoding = 4; lastKnownFileType = sourcecode.cpp.cpp; path = dmzArchivePluginQuickSave.cpp; sourceTree = "<group>"; };
		D245922E0E030EA4001AAB67 /* dmzArchivePluginQuickSave.h */ = {isa = PBXFileReference; fileEncoding = 4; lastKnownFileType = sourcecode.c.h; path = dmzArchivePluginQuickSave.h; sourceTree = "<group>"; };
		D245922F0E030EA4001AAB67 /* dmzArchivePluginQuickSave.lmk */ = {isa = PBXFileReference; fileEncoding = 4; lastKnownFileType = text; path = dmzArchivePluginQuickSave.lmk; sourceTree = "<group>"; };
		D24592310E030EA4001AAB67 /* dmzArchivePluginUndo.cpp */ = {isa = PBXFileReference; fileEncoding = 4; lastKnownFileType = sourcecode.cpp.cpp; path = dmzArchivePluginUndo.cpp; sourceTree = "<group>"; };
		D24592320E030EA4001AAB67 /* dmzArchivePluginUndo.h */ = {isa = PBXFileReference; fileEncoding = 4; lastKnownFileType = sourcecode.c.h; path = dmzArchivePluginUndo.h; sourceTree = "<group>"; };
		D24592330E030EA4001AAB67 /* dmzArchivePluginUndo.lmk */ = {isa = PBXFileReference; fileEncoding = 4; lastKnownFileType = text; path = dmzArchivePluginUndo.lmk; sourceTree = "<group>"; };
		D245923B0E030EE3001AAB67 /* libdmzArchiveUtil.a */ = {isa = PBXFileReference; explicitFileType = archive.ar; includeInIndex = 0; path = libdmzArchiveUtil.a; sourceTree = BUILT_PRODUCTS_DIR; };
		D245923E0E030EFE001AAB67 /* dmzKernel.xcodeproj */ = {isa = PBXFileReference; lastKnownFileType = "wrapper.pb-project"; name = dmzKernel.xcodeproj; path = ../dmzKernel/dmzKernel.xcodeproj; sourceTree = SOURCE_ROOT; };
		D24592590E030F6A001AAB67 /* libdmzArchiveModuleBasic.a */ = {isa = PBXFileReference; explicitFileType = archive.ar; includeInIndex = 0; path = libdmzArchiveModuleBasic.a; sourceTree = BUILT_PRODUCTS_DIR; };
		D245925C0E030F7D001AAB67 /* dmzFoundation.xcodeproj */ = {isa = PBXFileReference; lastKnownFileType = "wrapper.pb-project"; name = dmzFoundation.xcodeproj; path = ../dmzFoundation/dmzFoundation.xcodeproj; sourceTree = SOURCE_ROOT; };
		D24592B70E031C81001AAB67 /* libdmzArchivePluginAutoLoad.a */ = {isa = PBXFileReference; explicitFileType = archive.ar; includeInIndex = 0; path = libdmzArchivePluginAutoLoad.a; sourceTree = BUILT_PRODUCTS_DIR; };
		D24592C70E031CC0001AAB67 /* libdmzArchivePluginAutoSave.a */ = {isa = PBXFileReference; explicitFileType = archive.ar; includeInIndex = 0; path = libdmzArchivePluginAutoSave.a; sourceTree = BUILT_PRODUCTS_DIR; };
		D24592E40E031F1A001AAB67 /* libdmzArchivePluginQuickSave.a */ = {isa = PBXFileReference; explicitFileType = archive.ar; includeInIndex = 0; path = libdmzArchivePluginQuickSave.a; sourceTree = BUILT_PRODUCTS_DIR; };
		D24592EE0E031FD5001AAB67 /* libdmzArchivePluginUndo.a */ = {isa = PBXFileReference; explicitFileType = archive.ar; includeInIndex = 0; path = libdmzArchivePluginUndo.a; sourceTree = BUILT_PRODUCTS_DIR; };
		D24593A60E0322BF001AAB67 /* dmzInputFramework.xcodeproj */ = {isa = PBXFileReference; lastKnownFileType = "wrapper.pb-project"; name = dmzInputFramework.xcodeproj; path = ../dmzInputFramework/dmzInputFramework.xcodeproj; sourceTree = SOURCE_ROOT; };
		D24593CB0E03233A001AAB67 /* libdmzArchivePluginInput.a */ = {isa = PBXFileReference; explicitFileType = archive.ar; includeInIndex = 0; path = libdmzArchivePluginInput.a; sourceTree = BUILT_PRODUCTS_DIR; };
		D2AAC046055464E500DB518D /* libdmzArchiveFramework.a */ = {isa = PBXFileReference; explicitFileType = archive.ar; includeInIndex = 0; path = libdmzArchiveFramework.a; sourceTree = BUILT_PRODUCTS_DIR; };
/* End PBXFileReference section */

/* Begin PBXFrameworksBuildPhase section */
		D24592390E030EE3001AAB67 /* Frameworks */ = {
			isa = PBXFrameworksBuildPhase;
			buildActionMask = 2147483647;
			files = (
			);
			runOnlyForDeploymentPostprocessing = 0;
		};
		D24592570E030F6A001AAB67 /* Frameworks */ = {
			isa = PBXFrameworksBuildPhase;
			buildActionMask = 2147483647;
			files = (
			);
			runOnlyForDeploymentPostprocessing = 0;
		};
		D24592B50E031C81001AAB67 /* Frameworks */ = {
			isa = PBXFrameworksBuildPhase;
			buildActionMask = 2147483647;
			files = (
			);
			runOnlyForDeploymentPostprocessing = 0;
		};
		D24592C50E031CC0001AAB67 /* Frameworks */ = {
			isa = PBXFrameworksBuildPhase;
			buildActionMask = 2147483647;
			files = (
			);
			runOnlyForDeploymentPostprocessing = 0;
		};
		D24592E20E031F1A001AAB67 /* Frameworks */ = {
			isa = PBXFrameworksBuildPhase;
			buildActionMask = 2147483647;
			files = (
			);
			runOnlyForDeploymentPostprocessing = 0;
		};
		D24592EC0E031FD5001AAB67 /* Frameworks */ = {
			isa = PBXFrameworksBuildPhase;
			buildActionMask = 2147483647;
			files = (
			);
			runOnlyForDeploymentPostprocessing = 0;
		};
		D24593C90E03233A001AAB67 /* Frameworks */ = {
			isa = PBXFrameworksBuildPhase;
			buildActionMask = 2147483647;
			files = (
			);
			runOnlyForDeploymentPostprocessing = 0;
		};
		D289987405E68DCB004EDB86 /* Frameworks */ = {
			isa = PBXFrameworksBuildPhase;
			buildActionMask = 2147483647;
			files = (
			);
			runOnlyForDeploymentPostprocessing = 0;
		};
/* End PBXFrameworksBuildPhase section */

/* Begin PBXGroup section */
		08FB7794FE84155DC02AAC07 /* dmzArchiveFramework */ = {
			isa = PBXGroup;
			children = (
				D24593A60E0322BF001AAB67 /* dmzInputFramework.xcodeproj */,
				D245925C0E030F7D001AAB67 /* dmzFoundation.xcodeproj */,
				D245923E0E030EFE001AAB67 /* dmzKernel.xcodeproj */,
				D245920E0E030EA4001AAB67 /* archive */,
				1AB674ADFE9D54B511CA2CBB /* Products */,
			);
			name = dmzArchiveFramework;
			sourceTree = "<group>";
		};
		1AB674ADFE9D54B511CA2CBB /* Products */ = {
			isa = PBXGroup;
			children = (
				D2AAC046055464E500DB518D /* libdmzArchiveFramework.a */,
				D245923B0E030EE3001AAB67 /* libdmzArchiveUtil.a */,
				D24592590E030F6A001AAB67 /* libdmzArchiveModuleBasic.a */,
				D24592B70E031C81001AAB67 /* libdmzArchivePluginAutoLoad.a */,
				D24592C70E031CC0001AAB67 /* libdmzArchivePluginAutoSave.a */,
				D24592E40E031F1A001AAB67 /* libdmzArchivePluginQuickSave.a */,
				D24592EE0E031FD5001AAB67 /* libdmzArchivePluginUndo.a */,
				D24593CB0E03233A001AAB67 /* libdmzArchivePluginInput.a */,
			);
			name = Products;
			sourceTree = "<group>";
		};
		D245920E0E030EA4001AAB67 /* archive */ = {
			isa = PBXGroup;
			children = (
				D245920F0E030EA4001AAB67 /* interfaces */,
				D24592150E030EA4001AAB67 /* libs */,
				D245921B0E030EA4001AAB67 /* modules */,
				D24592200E030EA4001AAB67 /* plugins */,
			);
			name = archive;
			path = ../../frameworks/archive;
			sourceTree = SOURCE_ROOT;
		};
		D245920F0E030EA4001AAB67 /* interfaces */ = {
			isa = PBXGroup;
			children = (
				D24592100E030EA4001AAB67 /* dmzArchiveFramework.lmk */,
				D24592110E030EA4001AAB67 /* dmzArchiveModule.cpp */,
				D24592120E030EA4001AAB67 /* dmzArchiveModule.h */,
				D24592130E030EA4001AAB67 /* dmzArchiveObserver.cpp */,
				D24592140E030EA4001AAB67 /* dmzArchiveObserver.h */,
			);
			path = interfaces;
			sourceTree = "<group>";
		};
		D24592150E030EA4001AAB67 /* libs */ = {
			isa = PBXGroup;
			children = (
				D24592160E030EA4001AAB67 /* util */,
			);
			path = libs;
			sourceTree = "<group>";
		};
		D24592160E030EA4001AAB67 /* util */ = {
			isa = PBXGroup;
			children = (
				D24592170E030EA4001AAB67 /* dmzArchiveObserverUtil.cpp */,
				D24592180E030EA4001AAB67 /* dmzArchiveObserverUtil.h */,
				D24592190E030EA4001AAB67 /* dmzArchiveUtil.lmk */,
				D245921A0E030EA4001AAB67 /* dmzArchiveUtilExport.h */,
			);
			path = util;
			sourceTree = "<group>";
		};
		D245921B0E030EA4001AAB67 /* modules */ = {
			isa = PBXGroup;
			children = (
				D245921C0E030EA4001AAB67 /* basic */,
			);
			path = modules;
			sourceTree = "<group>";
		};
		D245921C0E030EA4001AAB67 /* basic */ = {
			isa = PBXGroup;
			children = (
				D245921D0E030EA4001AAB67 /* dmzArchiveModuleBasic.cpp */,
				D245921E0E030EA4001AAB67 /* dmzArchiveModuleBasic.h */,
				D245921F0E030EA4001AAB67 /* dmzArchiveModuleBasic.lmk */,
			);
			path = basic;
			sourceTree = "<group>";
		};
		D24592200E030EA4001AAB67 /* plugins */ = {
			isa = PBXGroup;
			children = (
				D24592210E030EA4001AAB67 /* input */,
				D24592250E030EA4001AAB67 /* load */,
				D24592290E030EA4001AAB67 /* save */,
				D24592300E030EA4001AAB67 /* undo */,
			);
			path = plugins;
			sourceTree = "<group>";
		};
		D24592210E030EA4001AAB67 /* input */ = {
			isa = PBXGroup;
			children = (
				D24592220E030EA4001AAB67 /* dmzArchivePluginInput.cpp */,
				D24592230E030EA4001AAB67 /* dmzArchivePluginInput.h */,
				D24592240E030EA4001AAB67 /* dmzArchivePluginInput.lmk */,
			);
			path = input;
			sourceTree = "<group>";
		};
		D24592250E030EA4001AAB67 /* load */ = {
			isa = PBXGroup;
			children = (
				D24592260E030EA4001AAB67 /* dmzArchivePluginAutoLoad.cpp */,
				D24592270E030EA4001AAB67 /* dmzArchivePluginAutoLoad.h */,
				D24592280E030EA4001AAB67 /* dmzArchivePluginAutoLoad.lmk */,
			);
			path = load;
			sourceTree = "<group>";
		};
		D24592290E030EA4001AAB67 /* save */ = {
			isa = PBXGroup;
			children = (
				D245922A0E030EA4001AAB67 /* dmzArchivePluginAutoSave.cpp */,
				D245922B0E030EA4001AAB67 /* dmzArchivePluginAutoSave.h */,
				D245922C0E030EA4001AAB67 /* dmzArchivePluginAutoSave.lmk */,
				D245922D0E030EA4001AAB67 /* dmzArchivePluginQuickSave.cpp */,
				D245922E0E030EA4001AAB67 /* dmzArchivePluginQuickSave.h */,
				D245922F0E030EA4001AAB67 /* dmzArchivePluginQuickSave.lmk */,
			);
			path = save;
			sourceTree = "<group>";
		};
		D24592300E030EA4001AAB67 /* undo */ = {
			isa = PBXGroup;
			children = (
				D24592310E030EA4001AAB67 /* dmzArchivePluginUndo.cpp */,
				D24592320E030EA4001AAB67 /* dmzArchivePluginUndo.h */,
				D24592330E030EA4001AAB67 /* dmzArchivePluginUndo.lmk */,
			);
			path = undo;
			sourceTree = "<group>";
		};
		D245923F0E030EFE001AAB67 /* Products */ = {
			isa = PBXGroup;
			children = (
				D24592430E030EFE001AAB67 /* libdmzKernel.a */,
			);
			name = Products;
			sourceTree = "<group>";
		};
		D245925D0E030F7D001AAB67 /* Products */ = {
			isa = PBXGroup;
			children = (
				D245928D0E0310E3001AAB67 /* libdmzFoundation.a */,
				D245926A0E030F7D001AAB67 /* libdmzXML.a */,
				D245926C0E030F7D001AAB67 /* libdmzFileCacheLocal.a */,
				D245926E0E030F7D001AAB67 /* libexpat.a */,
				D24592700E030F7D001AAB67 /* libdmzPluginMsgDump.a */,
				D24592720E030F7D001AAB67 /* libdmzPluginUndoDump.a */,
				D24592740E030F7D001AAB67 /* libdmzPluginUndo.a */,
			);
			name = Products;
			sourceTree = "<group>";
		};
		D24593A70E0322BF001AAB67 /* Products */ = {
			isa = PBXGroup;
			children = (
				D24593AE0E0322BF001AAB67 /* libdmzInputFramework.a */,
				D24593B00E0322BF001AAB67 /* libdmzInputEvents.a */,
				D24593B20E0322BF001AAB67 /* libdmzInputUtil.a */,
				D24593B40E0322BF001AAB67 /* libdmzInputModuleBasic.a */,
				7A1FF6C50E070A09000132EF /* libbuild_all.a */,
			);
			name = Products;
			sourceTree = "<group>";
		};
/* End PBXGroup section */

/* Begin PBXHeadersBuildPhase section */
		D24592370E030EE3001AAB67 /* Headers */ = {
			isa = PBXHeadersBuildPhase;
			buildActionMask = 2147483647;
			files = (
				D24592490E030F23001AAB67 /* dmzArchiveObserverUtil.h in Headers */,
				D245924A0E030F23001AAB67 /* dmzArchiveUtilExport.h in Headers */,
			);
			runOnlyForDeploymentPostprocessing = 0;
		};
		D24592550E030F6A001AAB67 /* Headers */ = {
			isa = PBXHeadersBuildPhase;
			buildActionMask = 2147483647;
			files = (
			);
			runOnlyForDeploymentPostprocessing = 0;
		};
		D24592B30E031C81001AAB67 /* Headers */ = {
			isa = PBXHeadersBuildPhase;
			buildActionMask = 2147483647;
			files = (
			);
			runOnlyForDeploymentPostprocessing = 0;
		};
		D24592C30E031CC0001AAB67 /* Headers */ = {
			isa = PBXHeadersBuildPhase;
			buildActionMask = 2147483647;
			files = (
			);
			runOnlyForDeploymentPostprocessing = 0;
		};
		D24592E00E031F1A001AAB67 /* Headers */ = {
			isa = PBXHeadersBuildPhase;
			buildActionMask = 2147483647;
			files = (
			);
			runOnlyForDeploymentPostprocessing = 0;
		};
		D24592EA0E031FD5001AAB67 /* Headers */ = {
			isa = PBXHeadersBuildPhase;
			buildActionMask = 2147483647;
			files = (
			);
			runOnlyForDeploymentPostprocessing = 0;
		};
		D24593C70E03233A001AAB67 /* Headers */ = {
			isa = PBXHeadersBuildPhase;
			buildActionMask = 2147483647;
			files = (
			);
			runOnlyForDeploymentPostprocessing = 0;
		};
		D2AAC043055464E500DB518D /* Headers */ = {
			isa = PBXHeadersBuildPhase;
			buildActionMask = 2147483647;
			files = (
				D24592340E030EC2001AAB67 /* dmzArchiveModule.h in Headers */,
				D24592350E030EC2001AAB67 /* dmzArchiveObserver.h in Headers */,
			);
			runOnlyForDeploymentPostprocessing = 0;
		};
/* End PBXHeadersBuildPhase section */

/* Begin PBXNativeTarget section */
		D245923A0E030EE3001AAB67 /* dmzArchiveUtil */ = {
			isa = PBXNativeTarget;
			buildConfigurationList = D24592440E030EFE001AAB67 /* Build configuration list for PBXNativeTarget "dmzArchiveUtil" */;
			buildPhases = (
				D24592370E030EE3001AAB67 /* Headers */,
				D24592380E030EE3001AAB67 /* Sources */,
				D24592390E030EE3001AAB67 /* Frameworks */,
			);
			buildRules = (
			);
			dependencies = (
				D24592460E030F05001AAB67 /* PBXTargetDependency */,
				D24592480E030F09001AAB67 /* PBXTargetDependency */,
			);
			name = dmzArchiveUtil;
			productName = dmzArchiveUtil;
			productReference = D245923B0E030EE3001AAB67 /* libdmzArchiveUtil.a */;
			productType = "com.apple.product-type.library.static";
		};
		D24592580E030F6A001AAB67 /* dmzArchiveModuleBasic */ = {
			isa = PBXNativeTarget;
			buildConfigurationList = D24592750E030F7D001AAB67 /* Build configuration list for PBXNativeTarget "dmzArchiveModuleBasic" */;
			buildPhases = (
				D24592550E030F6A001AAB67 /* Headers */,
				D24592560E030F6A001AAB67 /* Sources */,
				D24592570E030F6A001AAB67 /* Frameworks */,
			);
			buildRules = (
			);
			dependencies = (
				D24592770E030F8F001AAB67 /* PBXTargetDependency */,
				D24592790E030F9C001AAB67 /* PBXTargetDependency */,
				D24592AF0E031B5E001AAB67 /* PBXTargetDependency */,
			);
			name = dmzArchiveModuleBasic;
			productName = dmzArchiveModuleBasic;
			productReference = D24592590E030F6A001AAB67 /* libdmzArchiveModuleBasic.a */;
			productType = "com.apple.product-type.library.static";
		};
		D24592B60E031C81001AAB67 /* dmzArchivePluginAutoLoad */ = {
			isa = PBXNativeTarget;
			buildConfigurationList = D24592C20E031CAF001AAB67 /* Build configuration list for PBXNativeTarget "dmzArchivePluginAutoLoad" */;
			buildPhases = (
				D24592B30E031C81001AAB67 /* Headers */,
				D24592B40E031C81001AAB67 /* Sources */,
				D24592B50E031C81001AAB67 /* Frameworks */,
			);
			buildRules = (
			);
			dependencies = (
				D24592BB0E031C8B001AAB67 /* PBXTargetDependency */,
			);
			name = dmzArchivePluginAutoLoad;
			productName = dmzArchivePluginAutoLoad;
			productReference = D24592B70E031C81001AAB67 /* libdmzArchivePluginAutoLoad.a */;
			productType = "com.apple.product-type.library.static";
		};
		D24592C60E031CC0001AAB67 /* dmzArchivePluginAutoSave */ = {
			isa = PBXNativeTarget;
			buildConfigurationList = D24592D80E031CFD001AAB67 /* Build configuration list for PBXNativeTarget "dmzArchivePluginAutoSave" */;
			buildPhases = (
				D24592C30E031CC0001AAB67 /* Headers */,
				D24592C40E031CC0001AAB67 /* Sources */,
				D24592C50E031CC0001AAB67 /* Frameworks */,
			);
			buildRules = (
			);
			dependencies = (
				D24592CB0E031CC6001AAB67 /* PBXTargetDependency */,
				D24592CD0E031CCA001AAB67 /* PBXTargetDependency */,
				D24592CF0E031CD2001AAB67 /* PBXTargetDependency */,
				D24592D10E031CD8001AAB67 /* PBXTargetDependency */,
			);
			name = dmzArchivePluginAutoSave;
			productName = dmzArchivePluginAutoSave;
			productReference = D24592C70E031CC0001AAB67 /* libdmzArchivePluginAutoSave.a */;
			productType = "com.apple.product-type.library.static";
		};
		D24592E30E031F1A001AAB67 /* dmzArchivePluginQuickSave */ = {
			isa = PBXNativeTarget;
			buildConfigurationList = D24592E80E031F20001AAB67 /* Build configuration list for PBXNativeTarget "dmzArchivePluginQuickSave" */;
			buildPhases = (
				D24592E00E031F1A001AAB67 /* Headers */,
				D24592E10E031F1A001AAB67 /* Sources */,
				D24592E20E031F1A001AAB67 /* Frameworks */,
			);
			buildRules = (
			);
			dependencies = (
				D24593B60E0322D2001AAB67 /* PBXTargetDependency */,
				D24593B80E0322D6001AAB67 /* PBXTargetDependency */,
				D24593BA0E0322DB001AAB67 /* PBXTargetDependency */,
				D24593BC0E0322DF001AAB67 /* PBXTargetDependency */,
				D24593BE0E0322E2001AAB67 /* PBXTargetDependency */,
				D24593C00E0322EA001AAB67 /* PBXTargetDependency */,
			);
			name = dmzArchivePluginQuickSave;
			productName = dmzArchivePluginQuickSave;
			productReference = D24592E40E031F1A001AAB67 /* libdmzArchivePluginQuickSave.a */;
			productType = "com.apple.product-type.library.static";
		};
		D24592ED0E031FD5001AAB67 /* dmzArchivePluginUndo */ = {
			isa = PBXNativeTarget;
			buildConfigurationList = D24592FD0E031FFF001AAB67 /* Build configuration list for PBXNativeTarget "dmzArchivePluginUndo" */;
			buildPhases = (
				D24592EA0E031FD5001AAB67 /* Headers */,
				D24592EB0E031FD5001AAB67 /* Sources */,
				D24592EC0E031FD5001AAB67 /* Frameworks */,
			);
			buildRules = (
			);
			dependencies = (
				D24592F20E031FDA001AAB67 /* PBXTargetDependency */,
				D24592F40E031FE2001AAB67 /* PBXTargetDependency */,
				D24592F60E031FE6001AAB67 /* PBXTargetDependency */,
			);
			name = dmzArchivePluginUndo;
			productName = dmzArchivePluginUndo;
			productReference = D24592EE0E031FD5001AAB67 /* libdmzArchivePluginUndo.a */;
			productType = "com.apple.product-type.library.static";
		};
		D24593CA0E03233A001AAB67 /* dmzArchivePluginInput */ = {
			isa = PBXNativeTarget;
			buildConfigurationList = D24593D80E032378001AAB67 /* Build configuration list for PBXNativeTarget "dmzArchivePluginInput" */;
			buildPhases = (
				D24593C70E03233A001AAB67 /* Headers */,
				D24593C80E03233A001AAB67 /* Sources */,
				D24593C90E03233A001AAB67 /* Frameworks */,
			);
			buildRules = (
			);
			dependencies = (
				D24593CF0E03233F001AAB67 /* PBXTargetDependency */,
				D24593D10E032346001AAB67 /* PBXTargetDependency */,
				D24593D30E03234B001AAB67 /* PBXTargetDependency */,
				D24593D50E03234E001AAB67 /* PBXTargetDependency */,
			);
			name = dmzArchivePluginInput;
			productName = dmzArchivePluginInput;
			productReference = D24593CB0E03233A001AAB67 /* libdmzArchivePluginInput.a */;
			productType = "com.apple.product-type.library.static";
		};
		D2AAC045055464E500DB518D /* dmzArchiveFramework */ = {
			isa = PBXNativeTarget;
			buildConfigurationList = 1DEB91EB08733DB70010E9CD /* Build configuration list for PBXNativeTarget "dmzArchiveFramework" */;
			buildPhases = (
				D2AAC043055464E500DB518D /* Headers */,
				D2AAC044055464E500DB518D /* Sources */,
				D289987405E68DCB004EDB86 /* Frameworks */,
			);
			buildRules = (
			);
			dependencies = (
			);
			name = dmzArchiveFramework;
			productName = dmzArchiveFramework;
			productReference = D2AAC046055464E500DB518D /* libdmzArchiveFramework.a */;
			productType = "com.apple.product-type.library.static";
		};
/* End PBXNativeTarget section */

/* Begin PBXProject section */
		08FB7793FE84155DC02AAC07 /* Project object */ = {
			isa = PBXProject;
			buildConfigurationList = 1DEB91EF08733DB70010E9CD /* Build configuration list for PBXProject "dmzArchiveFramework" */;
			compatibilityVersion = "Xcode 3.1";
			hasScannedForEncodings = 1;
			mainGroup = 08FB7794FE84155DC02AAC07 /* dmzArchiveFramework */;
			projectDirPath = "";
			projectReferences = (
				{
					ProductGroup = D245925D0E030F7D001AAB67 /* Products */;
					ProjectRef = D245925C0E030F7D001AAB67 /* dmzFoundation.xcodeproj */;
				},
				{
					ProductGroup = D24593A70E0322BF001AAB67 /* Products */;
					ProjectRef = D24593A60E0322BF001AAB67 /* dmzInputFramework.xcodeproj */;
				},
				{
					ProductGroup = D245923F0E030EFE001AAB67 /* Products */;
					ProjectRef = D245923E0E030EFE001AAB67 /* dmzKernel.xcodeproj */;
				},
			);
			projectRoot = "";
			targets = (
				D2AAC045055464E500DB518D /* dmzArchiveFramework */,
				D245923A0E030EE3001AAB67 /* dmzArchiveUtil */,
				D24592580E030F6A001AAB67 /* dmzArchiveModuleBasic */,
				D24592B60E031C81001AAB67 /* dmzArchivePluginAutoLoad */,
				D24592C60E031CC0001AAB67 /* dmzArchivePluginAutoSave */,
				D24592E30E031F1A001AAB67 /* dmzArchivePluginQuickSave */,
				D24592ED0E031FD5001AAB67 /* dmzArchivePluginUndo */,
				D24593CA0E03233A001AAB67 /* dmzArchivePluginInput */,
				7A1FF6D00E070A17000132EF /* build_all */,
			);
		};
/* End PBXProject section */

/* Begin PBXReferenceProxy section */
		7A1FF6C50E070A09000132EF /* libbuild_all.a */ = {
			isa = PBXReferenceProxy;
			fileType = archive.ar;
			path = libbuild_all.a;
			remoteRef = 7A1FF6C40E070A09000132EF /* PBXContainerItemProxy */;
			sourceTree = BUILT_PRODUCTS_DIR;
		};
		D24592430E030EFE001AAB67 /* libdmzKernel.a */ = {
			isa = PBXReferenceProxy;
			fileType = archive.ar;
			path = libdmzKernel.a;
			remoteRef = D24592420E030EFE001AAB67 /* PBXContainerItemProxy */;
			sourceTree = BUILT_PRODUCTS_DIR;
		};
		D245926A0E030F7D001AAB67 /* libdmzXML.a */ = {
			isa = PBXReferenceProxy;
			fileType = archive.ar;
			path = libdmzXML.a;
			remoteRef = D24592690E030F7D001AAB67 /* PBXContainerItemProxy */;
			sourceTree = BUILT_PRODUCTS_DIR;
		};
		D245926C0E030F7D001AAB67 /* libdmzFileCacheLocal.a */ = {
			isa = PBXReferenceProxy;
			fileType = archive.ar;
			path = libdmzFileCacheLocal.a;
			remoteRef = D245926B0E030F7D001AAB67 /* PBXContainerItemProxy */;
			sourceTree = BUILT_PRODUCTS_DIR;
		};
		D245926E0E030F7D001AAB67 /* libexpat.a */ = {
			isa = PBXReferenceProxy;
			fileType = archive.ar;
			path = libexpat.a;
			remoteRef = D245926D0E030F7D001AAB67 /* PBXContainerItemProxy */;
			sourceTree = BUILT_PRODUCTS_DIR;
		};
		D24592700E030F7D001AAB67 /* libdmzPluginMsgDump.a */ = {
			isa = PBXReferenceProxy;
			fileType = archive.ar;
			path = libdmzPluginMsgDump.a;
			remoteRef = D245926F0E030F7D001AAB67 /* PBXContainerItemProxy */;
			sourceTree = BUILT_PRODUCTS_DIR;
		};
		D24592720E030F7D001AAB67 /* libdmzPluginUndoDump.a */ = {
			isa = PBXReferenceProxy;
			fileType = archive.ar;
			path = libdmzPluginUndoDump.a;
			remoteRef = D24592710E030F7D001AAB67 /* PBXContainerItemProxy */;
			sourceTree = BUILT_PRODUCTS_DIR;
		};
		D24592740E030F7D001AAB67 /* libdmzPluginUndo.a */ = {
			isa = PBXReferenceProxy;
			fileType = archive.ar;
			path = libdmzPluginUndo.a;
			remoteRef = D24592730E030F7D001AAB67 /* PBXContainerItemProxy */;
			sourceTree = BUILT_PRODUCTS_DIR;
		};
		D245928D0E0310E3001AAB67 /* libdmzFoundation.a */ = {
			isa = PBXReferenceProxy;
			fileType = archive.ar;
			path = libdmzFoundation.a;
			remoteRef = D245928C0E0310E3001AAB67 /* PBXContainerItemProxy */;
			sourceTree = BUILT_PRODUCTS_DIR;
		};
		D24593AE0E0322BF001AAB67 /* libdmzInputFramework.a */ = {
			isa = PBXReferenceProxy;
			fileType = archive.ar;
			path = libdmzInputFramework.a;
			remoteRef = D24593AD0E0322BF001AAB67 /* PBXContainerItemProxy */;
			sourceTree = BUILT_PRODUCTS_DIR;
		};
		D24593B00E0322BF001AAB67 /* libdmzInputEvents.a */ = {
			isa = PBXReferenceProxy;
			fileType = archive.ar;
			path = libdmzInputEvents.a;
			remoteRef = D24593AF0E0322BF001AAB67 /* PBXContainerItemProxy */;
			sourceTree = BUILT_PRODUCTS_DIR;
		};
		D24593B20E0322BF001AAB67 /* libdmzInputUtil.a */ = {
			isa = PBXReferenceProxy;
			fileType = archive.ar;
			path = libdmzInputUtil.a;
			remoteRef = D24593B10E0322BF001AAB67 /* PBXContainerItemProxy */;
			sourceTree = BUILT_PRODUCTS_DIR;
		};
		D24593B40E0322BF001AAB67 /* libdmzInputModuleBasic.a */ = {
			isa = PBXReferenceProxy;
			fileType = archive.ar;
			path = libdmzInputModuleBasic.a;
			remoteRef = D24593B30E0322BF001AAB67 /* PBXContainerItemProxy */;
			sourceTree = BUILT_PRODUCTS_DIR;
		};
/* End PBXReferenceProxy section */

/* Begin PBXSourcesBuildPhase section */
		D24592380E030EE3001AAB67 /* Sources */ = {
			isa = PBXSourcesBuildPhase;
			buildActionMask = 2147483647;
			files = (
				D245924B0E030F30001AAB67 /* dmzArchiveObserverUtil.cpp in Sources */,
			);
			runOnlyForDeploymentPostprocessing = 0;
		};
		D24592560E030F6A001AAB67 /* Sources */ = {
			isa = PBXSourcesBuildPhase;
			buildActionMask = 2147483647;
			files = (
				D245927A0E030FAA001AAB67 /* dmzArchiveModuleBasic.cpp in Sources */,
			);
			runOnlyForDeploymentPostprocessing = 0;
		};
		D24592B40E031C81001AAB67 /* Sources */ = {
			isa = PBXSourcesBuildPhase;
			buildActionMask = 2147483647;
			files = (
				D24592BC0E031CA4001AAB67 /* dmzArchivePluginAutoLoad.cpp in Sources */,
			);
			runOnlyForDeploymentPostprocessing = 0;
		};
		D24592C40E031CC0001AAB67 /* Sources */ = {
			isa = PBXSourcesBuildPhase;
			buildActionMask = 2147483647;
			files = (
				D24592D20E031CE9001AAB67 /* dmzArchivePluginAutoSave.cpp in Sources */,
			);
			runOnlyForDeploymentPostprocessing = 0;
		};
		D24592E10E031F1A001AAB67 /* Sources */ = {
			isa = PBXSourcesBuildPhase;
			buildActionMask = 2147483647;
			files = (
				D24593C10E0322F4001AAB67 /* dmzArchivePluginQuickSave.cpp in Sources */,
			);
			runOnlyForDeploymentPostprocessing = 0;
		};
		D24592EB0E031FD5001AAB67 /* Sources */ = {
			isa = PBXSourcesBuildPhase;
			buildActionMask = 2147483647;
			files = (
				D24592F70E031FF4001AAB67 /* dmzArchivePluginUndo.cpp in Sources */,
			);
			runOnlyForDeploymentPostprocessing = 0;
		};
		D24593C80E03233A001AAB67 /* Sources */ = {
			isa = PBXSourcesBuildPhase;
			buildActionMask = 2147483647;
			files = (
				D24593D60E03235A001AAB67 /* dmzArchivePluginInput.cpp in Sources */,
			);
			runOnlyForDeploymentPostprocessing = 0;
		};
		D2AAC044055464E500DB518D /* Sources */ = {
			isa = PBXSourcesBuildPhase;
			buildActionMask = 2147483647;
			files = (
			);
			runOnlyForDeploymentPostprocessing = 0;
		};
/* End PBXSourcesBuildPhase section */

/* Begin PBXTargetDependency section */
		7A1FF6D40E070A1E000132EF /* PBXTargetDependency */ = {
			isa = PBXTargetDependency;
			target = D24593CA0E03233A001AAB67 /* dmzArchivePluginInput */;
			targetProxy = 7A1FF6D30E070A1E000132EF /* PBXContainerItemProxy */;
		};
		7A1FF6D60E070A1E000132EF /* PBXTargetDependency */ = {
			isa = PBXTargetDependency;
			target = D24592ED0E031FD5001AAB67 /* dmzArchivePluginUndo */;
			targetProxy = 7A1FF6D50E070A1E000132EF /* PBXContainerItemProxy */;
		};
		7A1FF6D80E070A1E000132EF /* PBXTargetDependency */ = {
			isa = PBXTargetDependency;
			target = D24592E30E031F1A001AAB67 /* dmzArchivePluginQuickSave */;
			targetProxy = 7A1FF6D70E070A1E000132EF /* PBXContainerItemProxy */;
		};
		7A1FF6DA0E070A1E000132EF /* PBXTargetDependency */ = {
			isa = PBXTargetDependency;
			target = D24592C60E031CC0001AAB67 /* dmzArchivePluginAutoSave */;
			targetProxy = 7A1FF6D90E070A1E000132EF /* PBXContainerItemProxy */;
		};
		7A1FF6DC0E070A1E000132EF /* PBXTargetDependency */ = {
			isa = PBXTargetDependency;
			target = D24592B60E031C81001AAB67 /* dmzArchivePluginAutoLoad */;
			targetProxy = 7A1FF6DB0E070A1E000132EF /* PBXContainerItemProxy */;
		};
		7A1FF6DE0E070A1E000132EF /* PBXTargetDependency */ = {
			isa = PBXTargetDependency;
			target = D24592580E030F6A001AAB67 /* dmzArchiveModuleBasic */;
			targetProxy = 7A1FF6DD0E070A1E000132EF /* PBXContainerItemProxy */;
		};
		7A1FF6E00E070A1E000132EF /* PBXTargetDependency */ = {
			isa = PBXTargetDependency;
			target = D245923A0E030EE3001AAB67 /* dmzArchiveUtil */;
			targetProxy = 7A1FF6DF0E070A1E000132EF /* PBXContainerItemProxy */;
		};
		7A1FF6E20E070A1E000132EF /* PBXTargetDependency */ = {
			isa = PBXTargetDependency;
			target = D2AAC045055464E500DB518D /* dmzArchiveFramework */;
			targetProxy = 7A1FF6E10E070A1E000132EF /* PBXContainerItemProxy */;
		};
		D24592460E030F05001AAB67 /* PBXTargetDependency */ = {
			isa = PBXTargetDependency;
			name = dmzKernel;
			targetProxy = D24592450E030F05001AAB67 /* PBXContainerItemProxy */;
		};
		D24592480E030F09001AAB67 /* PBXTargetDependency */ = {
			isa = PBXTargetDependency;
			target = D2AAC045055464E500DB518D /* dmzArchiveFramework */;
			targetProxy = D24592470E030F09001AAB67 /* PBXContainerItemProxy */;
		};
		D24592770E030F8F001AAB67 /* PBXTargetDependency */ = {
			isa = PBXTargetDependency;
			name = dmzKernel;
			targetProxy = D24592760E030F8F001AAB67 /* PBXContainerItemProxy */;
		};
		D24592790E030F9C001AAB67 /* PBXTargetDependency */ = {
			isa = PBXTargetDependency;
			target = D2AAC045055464E500DB518D /* dmzArchiveFramework */;
			targetProxy = D24592780E030F9C001AAB67 /* PBXContainerItemProxy */;
		};
		D24592AF0E031B5E001AAB67 /* PBXTargetDependency */ = {
			isa = PBXTargetDependency;
			name = dmzFoundation;
			targetProxy = D24592AE0E031B5E001AAB67 /* PBXContainerItemProxy */;
		};
		D24592BB0E031C8B001AAB67 /* PBXTargetDependency */ = {
			isa = PBXTargetDependency;
			name = dmzKernel;
			targetProxy = D24592BA0E031C8B001AAB67 /* PBXContainerItemProxy */;
		};
		D24592CB0E031CC6001AAB67 /* PBXTargetDependency */ = {
			isa = PBXTargetDependency;
			name = dmzKernel;
			targetProxy = D24592CA0E031CC6001AAB67 /* PBXContainerItemProxy */;
		};
		D24592CD0E031CCA001AAB67 /* PBXTargetDependency */ = {
			isa = PBXTargetDependency;
			name = dmzXML;
			targetProxy = D24592CC0E031CCA001AAB67 /* PBXContainerItemProxy */;
		};
		D24592CF0E031CD2001AAB67 /* PBXTargetDependency */ = {
			isa = PBXTargetDependency;
			name = dmzFoundation;
			targetProxy = D24592CE0E031CD2001AAB67 /* PBXContainerItemProxy */;
		};
		D24592D10E031CD8001AAB67 /* PBXTargetDependency */ = {
			isa = PBXTargetDependency;
			target = D2AAC045055464E500DB518D /* dmzArchiveFramework */;
			targetProxy = D24592D00E031CD8001AAB67 /* PBXContainerItemProxy */;
		};
		D24592F20E031FDA001AAB67 /* PBXTargetDependency */ = {
			isa = PBXTargetDependency;
			name = dmzKernel;
			targetProxy = D24592F10E031FDA001AAB67 /* PBXContainerItemProxy */;
		};
		D24592F40E031FE2001AAB67 /* PBXTargetDependency */ = {
			isa = PBXTargetDependency;
			target = D245923A0E030EE3001AAB67 /* dmzArchiveUtil */;
			targetProxy = D24592F30E031FE2001AAB67 /* PBXContainerItemProxy */;
		};
		D24592F60E031FE6001AAB67 /* PBXTargetDependency */ = {
			isa = PBXTargetDependency;
			target = D2AAC045055464E500DB518D /* dmzArchiveFramework */;
			targetProxy = D24592F50E031FE6001AAB67 /* PBXContainerItemProxy */;
		};
		D24593B60E0322D2001AAB67 /* PBXTargetDependency */ = {
			isa = PBXTargetDependency;
			name = dmzKernel;
			targetProxy = D24593B50E0322D2001AAB67 /* PBXContainerItemProxy */;
		};
		D24593B80E0322D6001AAB67 /* PBXTargetDependency */ = {
			isa = PBXTargetDependency;
			name = dmzXML;
			targetProxy = D24593B70E0322D6001AAB67 /* PBXContainerItemProxy */;
		};
		D24593BA0E0322DB001AAB67 /* PBXTargetDependency */ = {
			isa = PBXTargetDependency;
			name = dmzInputUtil;
			targetProxy = D24593B90E0322DB001AAB67 /* PBXContainerItemProxy */;
		};
		D24593BC0E0322DF001AAB67 /* PBXTargetDependency */ = {
			isa = PBXTargetDependency;
			name = dmzInputEvents;
			targetProxy = D24593BB0E0322DF001AAB67 /* PBXContainerItemProxy */;
		};
		D24593BE0E0322E2001AAB67 /* PBXTargetDependency */ = {
			isa = PBXTargetDependency;
			name = dmzInputFramework;
			targetProxy = D24593BD0E0322E2001AAB67 /* PBXContainerItemProxy */;
		};
		D24593C00E0322EA001AAB67 /* PBXTargetDependency */ = {
			isa = PBXTargetDependency;
			target = D2AAC045055464E500DB518D /* dmzArchiveFramework */;
			targetProxy = D24593BF0E0322EA001AAB67 /* PBXContainerItemProxy */;
		};
		D24593CF0E03233F001AAB67 /* PBXTargetDependency */ = {
			isa = PBXTargetDependency;
			name = dmzKernel;
			targetProxy = D24593CE0E03233F001AAB67 /* PBXContainerItemProxy */;
		};
		D24593D10E032346001AAB67 /* PBXTargetDependency */ = {
			isa = PBXTargetDependency;
			name = dmzInputUtil;
			targetProxy = D24593D00E032346001AAB67 /* PBXContainerItemProxy */;
		};
		D24593D30E03234B001AAB67 /* PBXTargetDependency */ = {
			isa = PBXTargetDependency;
			name = dmzInputEvents;
			targetProxy = D24593D20E03234B001AAB67 /* PBXContainerItemProxy */;
		};
		D24593D50E03234E001AAB67 /* PBXTargetDependency */ = {
			isa = PBXTargetDependency;
			name = dmzInputFramework;
			targetProxy = D24593D40E03234E001AAB67 /* PBXContainerItemProxy */;
		};
/* End PBXTargetDependency section */

/* Begin XCBuildConfiguration section */
		1DEB91EC08733DB70010E9CD /* Debug */ = {
			isa = XCBuildConfiguration;
			buildSettings = {
				ALWAYS_SEARCH_USER_PATHS = NO;
				COPY_PHASE_STRIP = NO;
				GCC_DYNAMIC_NO_PIC = NO;
				GCC_ENABLE_FIX_AND_CONTINUE = YES;
				GCC_MODEL_TUNING = G5;
				GCC_OPTIMIZATION_LEVEL = 0;
				INSTALL_PATH = /usr/local/lib;
				PRODUCT_NAME = dmzArchiveFramework;
			};
			name = Debug;
		};
		1DEB91ED08733DB70010E9CD /* Release */ = {
			isa = XCBuildConfiguration;
			buildSettings = {
				ALWAYS_SEARCH_USER_PATHS = NO;
				DEBUG_INFORMATION_FORMAT = "dwarf-with-dsym";
				GCC_MODEL_TUNING = G5;
				INSTALL_PATH = /usr/local/lib;
				PRODUCT_NAME = dmzArchiveFramework;
			};
			name = Release;
		};
		1DEB91F008733DB70010E9CD /* Debug */ = {
			isa = XCBuildConfiguration;
			buildSettings = {
				ARCHS = "$(ARCHS_STANDARD_32_BIT)";
				GCC_C_LANGUAGE_STANDARD = c99;
				GCC_OPTIMIZATION_LEVEL = 0;
				GCC_WARN_ABOUT_RETURN_TYPE = YES;
				GCC_WARN_UNUSED_VARIABLE = YES;
				HEADER_SEARCH_PATHS = "$(BUILD_DIR)/$(CONFIGURATION)$(EFFECTIVE_PLATFORM_NAME)/usr/local/include";
				ONLY_ACTIVE_ARCH = YES;
				PREBINDING = NO;
				SDKROOT = iphonesimulator2.0;
			};
			name = Debug;
		};
		1DEB91F108733DB70010E9CD /* Release */ = {
			isa = XCBuildConfiguration;
			buildSettings = {
				ARCHS = "$(ARCHS_STANDARD_32_BIT)";
				GCC_C_LANGUAGE_STANDARD = c99;
				GCC_WARN_ABOUT_RETURN_TYPE = YES;
				GCC_WARN_UNUSED_VARIABLE = YES;
				HEADER_SEARCH_PATHS = "$(BUILD_DIR)/$(CONFIGURATION)$(EFFECTIVE_PLATFORM_NAME)/usr/local/include";
				PREBINDING = NO;
				SDKROOT = iphonesimulator2.0;
			};
			name = Release;
		};
		7A1FF6D10E070A17000132EF /* Debug */ = {
			isa = XCBuildConfiguration;
			buildSettings = {
				COPY_PHASE_STRIP = NO;
				GCC_DYNAMIC_NO_PIC = NO;
				GCC_OPTIMIZATION_LEVEL = 0;
				PRODUCT_NAME = build_all;
			};
			name = Debug;
		};
		7A1FF6D20E070A17000132EF /* Release */ = {
			isa = XCBuildConfiguration;
			buildSettings = {
				COPY_PHASE_STRIP = YES;
				DEBUG_INFORMATION_FORMAT = "dwarf-with-dsym";
				GCC_ENABLE_FIX_AND_CONTINUE = NO;
				PRODUCT_NAME = build_all;
				ZERO_LINK = NO;
			};
			name = Release;
		};
		D245923C0E030EE3001AAB67 /* Debug */ = {
			isa = XCBuildConfiguration;
			buildSettings = {
				ALWAYS_SEARCH_USER_PATHS = NO;
				COPY_PHASE_STRIP = NO;
				GCC_DYNAMIC_NO_PIC = NO;
				GCC_OPTIMIZATION_LEVEL = 0;
				PREBINDING = NO;
				PRODUCT_NAME = dmzArchiveUtil;
			};
			name = Debug;
		};
		D245923D0E030EE3001AAB67 /* Release */ = {
			isa = XCBuildConfiguration;
			buildSettings = {
				ALWAYS_SEARCH_USER_PATHS = NO;
				COPY_PHASE_STRIP = YES;
				DEBUG_INFORMATION_FORMAT = "dwarf-with-dsym";
				GCC_ENABLE_FIX_AND_CONTINUE = NO;
				PREBINDING = NO;
				PRODUCT_NAME = dmzArchiveUtil;
				ZERO_LINK = NO;
			};
			name = Release;
		};
		D245925A0E030F6A001AAB67 /* Debug */ = {
			isa = XCBuildConfiguration;
			buildSettings = {
				ALWAYS_SEARCH_USER_PATHS = NO;
				COPY_PHASE_STRIP = NO;
				GCC_DYNAMIC_NO_PIC = NO;
				GCC_OPTIMIZATION_LEVEL = 0;
				PREBINDING = NO;
				PRODUCT_NAME = dmzArchiveModuleBasic;
			};
			name = Debug;
		};
		D245925B0E030F6A001AAB67 /* Release */ = {
			isa = XCBuildConfiguration;
			buildSettings = {
				ALWAYS_SEARCH_USER_PATHS = NO;
				COPY_PHASE_STRIP = YES;
				DEBUG_INFORMATION_FORMAT = "dwarf-with-dsym";
				GCC_ENABLE_FIX_AND_CONTINUE = NO;
				PREBINDING = NO;
				PRODUCT_NAME = dmzArchiveModuleBasic;
				ZERO_LINK = NO;
			};
			name = Release;
		};
		D24592B80E031C82001AAB67 /* Debug */ = {
			isa = XCBuildConfiguration;
			buildSettings = {
				ALWAYS_SEARCH_USER_PATHS = NO;
				COPY_PHASE_STRIP = NO;
				GCC_DYNAMIC_NO_PIC = NO;
				GCC_OPTIMIZATION_LEVEL = 0;
				PREBINDING = NO;
				PRODUCT_NAME = dmzArchivePluginAutoLoad;
			};
			name = Debug;
		};
		D24592B90E031C82001AAB67 /* Release */ = {
			isa = XCBuildConfiguration;
			buildSettings = {
				ALWAYS_SEARCH_USER_PATHS = NO;
				COPY_PHASE_STRIP = YES;
				DEBUG_INFORMATION_FORMAT = "dwarf-with-dsym";
				GCC_ENABLE_FIX_AND_CONTINUE = NO;
				PREBINDING = NO;
				PRODUCT_NAME = dmzArchivePluginAutoLoad;
				ZERO_LINK = NO;
			};
			name = Release;
		};
		D24592C80E031CC0001AAB67 /* Debug */ = {
			isa = XCBuildConfiguration;
			buildSettings = {
				ALWAYS_SEARCH_USER_PATHS = NO;
				COPY_PHASE_STRIP = NO;
				GCC_DYNAMIC_NO_PIC = NO;
				GCC_OPTIMIZATION_LEVEL = 0;
				PREBINDING = NO;
				PRODUCT_NAME = dmzArchivePluginAutoSave;
			};
			name = Debug;
		};
		D24592C90E031CC0001AAB67 /* Release */ = {
			isa = XCBuildConfiguration;
			buildSettings = {
				ALWAYS_SEARCH_USER_PATHS = NO;
				COPY_PHASE_STRIP = YES;
				DEBUG_INFORMATION_FORMAT = "dwarf-with-dsym";
				GCC_ENABLE_FIX_AND_CONTINUE = NO;
				PREBINDING = NO;
				PRODUCT_NAME = dmzArchivePluginAutoSave;
				ZERO_LINK = NO;
			};
			name = Release;
		};
		D24592E50E031F1A001AAB67 /* Debug */ = {
			isa = XCBuildConfiguration;
			buildSettings = {
				ALWAYS_SEARCH_USER_PATHS = NO;
				COPY_PHASE_STRIP = NO;
				GCC_DYNAMIC_NO_PIC = NO;
				GCC_OPTIMIZATION_LEVEL = 0;
				PREBINDING = NO;
				PRODUCT_NAME = dmzArchivePluginQuickSave;
			};
			name = Debug;
		};
		D24592E60E031F1A001AAB67 /* Release */ = {
			isa = XCBuildConfiguration;
			buildSettings = {
				ALWAYS_SEARCH_USER_PATHS = NO;
				COPY_PHASE_STRIP = YES;
				DEBUG_INFORMATION_FORMAT = "dwarf-with-dsym";
				GCC_ENABLE_FIX_AND_CONTINUE = NO;
				PREBINDING = NO;
				PRODUCT_NAME = dmzArchivePluginQuickSave;
				ZERO_LINK = NO;
			};
			name = Release;
		};
		D24592EF0E031FD6001AAB67 /* Debug */ = {
			isa = XCBuildConfiguration;
			buildSettings = {
				ALWAYS_SEARCH_USER_PATHS = NO;
				COPY_PHASE_STRIP = NO;
				GCC_DYNAMIC_NO_PIC = NO;
				GCC_OPTIMIZATION_LEVEL = 0;
				PREBINDING = NO;
				PRODUCT_NAME = dmzArchivePluginUndo;
			};
			name = Debug;
		};
		D24592F00E031FD6001AAB67 /* Release */ = {
			isa = XCBuildConfiguration;
			buildSettings = {
				ALWAYS_SEARCH_USER_PATHS = NO;
				COPY_PHASE_STRIP = YES;
				DEBUG_INFORMATION_FORMAT = "dwarf-with-dsym";
				GCC_ENABLE_FIX_AND_CONTINUE = NO;
				PREBINDING = NO;
				PRODUCT_NAME = dmzArchivePluginUndo;
				ZERO_LINK = NO;
			};
			name = Release;
		};
		D24593CC0E03233A001AAB67 /* Debug */ = {
			isa = XCBuildConfiguration;
			buildSettings = {
				ALWAYS_SEARCH_USER_PATHS = NO;
				COPY_PHASE_STRIP = NO;
				GCC_DYNAMIC_NO_PIC = NO;
				GCC_OPTIMIZATION_LEVEL = 0;
				PREBINDING = NO;
				PRODUCT_NAME = dmzArchivePluginInput;
			};
			name = Debug;
		};
		D24593CD0E03233A001AAB67 /* Release */ = {
			isa = XCBuildConfiguration;
			buildSettings = {
				ALWAYS_SEARCH_USER_PATHS = NO;
				COPY_PHASE_STRIP = YES;
				DEBUG_INFORMATION_FORMAT = "dwarf-with-dsym";
				GCC_ENABLE_FIX_AND_CONTINUE = NO;
				PREBINDING = NO;
				PRODUCT_NAME = dmzArchivePluginInput;
				ZERO_LINK = NO;
			};
			name = Release;
		};
/* End XCBuildConfiguration section */

/* Begin XCConfigurationList section */
		1DEB91EB08733DB70010E9CD /* Build configuration list for PBXNativeTarget "dmzArchiveFramework" */ = {
			isa = XCConfigurationList;
			buildConfigurations = (
				1DEB91EC08733DB70010E9CD /* Debug */,
				1DEB91ED08733DB70010E9CD /* Release */,
			);
			defaultConfigurationIsVisible = 0;
			defaultConfigurationName = Release;
		};
		1DEB91EF08733DB70010E9CD /* Build configuration list for PBXProject "dmzArchiveFramework" */ = {
			isa = XCConfigurationList;
			buildConfigurations = (
				1DEB91F008733DB70010E9CD /* Debug */,
				1DEB91F108733DB70010E9CD /* Release */,
			);
			defaultConfigurationIsVisible = 0;
			defaultConfigurationName = Release;
		};
		7A1FF6EC0E070A4D000132EF /* Build configuration list for PBXAggregateTarget "build_all" */ = {
			isa = XCConfigurationList;
			buildConfigurations = (
				7A1FF6D10E070A17000132EF /* Debug */,
				7A1FF6D20E070A17000132EF /* Release */,
			);
			defaultConfigurationIsVisible = 0;
			defaultConfigurationName = Release;
		};
		D24592440E030EFE001AAB67 /* Build configuration list for PBXNativeTarget "dmzArchiveUtil" */ = {
			isa = XCConfigurationList;
			buildConfigurations = (
				D245923C0E030EE3001AAB67 /* Debug */,
				D245923D0E030EE3001AAB67 /* Release */,
			);
			defaultConfigurationIsVisible = 0;
			defaultConfigurationName = Release;
		};
		D24592750E030F7D001AAB67 /* Build configuration list for PBXNativeTarget "dmzArchiveModuleBasic" */ = {
			isa = XCConfigurationList;
			buildConfigurations = (
				D245925A0E030F6A001AAB67 /* Debug */,
				D245925B0E030F6A001AAB67 /* Release */,
			);
			defaultConfigurationIsVisible = 0;
			defaultConfigurationName = Release;
		};
		D24592C20E031CAF001AAB67 /* Build configuration list for PBXNativeTarget "dmzArchivePluginAutoLoad" */ = {
			isa = XCConfigurationList;
			buildConfigurations = (
				D24592B80E031C82001AAB67 /* Debug */,
				D24592B90E031C82001AAB67 /* Release */,
			);
			defaultConfigurationIsVisible = 0;
			defaultConfigurationName = Release;
		};
		D24592D80E031CFD001AAB67 /* Build configuration list for PBXNativeTarget "dmzArchivePluginAutoSave" */ = {
			isa = XCConfigurationList;
			buildConfigurations = (
				D24592C80E031CC0001AAB67 /* Debug */,
				D24592C90E031CC0001AAB67 /* Release */,
			);
			defaultConfigurationIsVisible = 0;
			defaultConfigurationName = Release;
		};
		D24592E80E031F20001AAB67 /* Build configuration list for PBXNativeTarget "dmzArchivePluginQuickSave" */ = {
			isa = XCConfigurationList;
			buildConfigurations = (
				D24592E50E031F1A001AAB67 /* Debug */,
				D24592E60E031F1A001AAB67 /* Release */,
			);
			defaultConfigurationIsVisible = 0;
			defaultConfigurationName = Release;
		};
		D24592FD0E031FFF001AAB67 /* Build configuration list for PBXNativeTarget "dmzArchivePluginUndo" */ = {
			isa = XCConfigurationList;
			buildConfigurations = (
				D24592EF0E031FD6001AAB67 /* Debug */,
				D24592F00E031FD6001AAB67 /* Release */,
			);
			defaultConfigurationIsVisible = 0;
			defaultConfigurationName = Release;
		};
		D24593D80E032378001AAB67 /* Build configuration list for PBXNativeTarget "dmzArchivePluginInput" */ = {
			isa = XCConfigurationList;
			buildConfigurations = (
				D24593CC0E03233A001AAB67 /* Debug */,
				D24593CD0E03233A001AAB67 /* Release */,
			);
			defaultConfigurationIsVisible = 0;
			defaultConfigurationName = Release;
		};
/* End XCConfigurationList section */
	};
	rootObject = 08FB7793FE84155DC02AAC07 /* Project object */;
}
